
Microsoft Visual Studio Solution File, Format Version 12.00
# Visual Studio Version 17
VisualStudioVersion = 17.9.34728.123
MinimumVisualStudioVersion = 10.0.40219.1
Project("{9A19103F-16F7-4668-BE54-9A1E7A4F7556}") = "PokerHandClassifier.Tests", "PokerHandClassifier.Tests\PokerHandClassifier.Tests.csproj", "{99104B9E-A8C3-4F21-ACC8-56ED5FCEBFF3}"
EndProject
Project("{9A19103F-16F7-4668-BE54-9A1E7A4F7556}") = "Poker", "..\Poker\Poker.csproj", "{CFFACE27-7812-4407-B429-E005C88F8F56}"
EndProject
Global
	GlobalSection(SolutionConfigurationPlatforms) = preSolution
		Debug|Any CPU = Debug|Any CPU
		Release|Any CPU = Release|Any CPU
	EndGlobalSection
	GlobalSection(ProjectConfigurationPlatforms) = postSolution
		{99104B9E-A8C3-4F21-ACC8-56ED5FCEBFF3}.Debug|Any CPU.ActiveCfg = Debug|Any CPU
		{99104B9E-A8C3-4F21-ACC8-56ED5FCEBFF3}.Debug|Any CPU.Build.0 = Debug|Any CPU
		{99104B9E-A8C3-4F21-ACC8-56ED5FCEBFF3}.Release|Any CPU.ActiveCfg = Release|Any CPU
		{99104B9E-A8C3-4F21-ACC8-56ED5FCEBFF3}.Release|Any CPU.Build.0 = Release|Any CPU
		{CFFACE27-7812-4407-B429-E005C88F8F56}.Debug|Any CPU.ActiveCfg = Debug|Any CPU
		{CFFACE27-7812-4407-B429-E005C88F8F56}.Debug|Any CPU.Build.0 = Debug|Any CPU
		{CFFACE27-7812-4407-B429-E005C88F8F56}.Release|Any CPU.ActiveCfg = Release|Any CPU
		{CFFACE27-7812-4407-B429-E005C88F8F56}.Release|Any CPU.Build.0 = Release|Any CPU
	EndGlobalSection
	GlobalSection(SolutionProperties) = preSolution
		HideSolutionNode = FALSE
	EndGlobalSection
	GlobalSection(ExtensibilityGlobals) = postSolution
		SolutionGuid = {38E43791-A035-49CC-BAB5-E401316E73AB}
	EndGlobalSection
EndGlobal
